
Microsoft Visual Studio Solution File, Format Version 12.00
# Visual Studio Version 16
VisualStudioVersion = 16.0.29503.13
MinimumVisualStudioVersion = 10.0.40219.1
Project("{FAE04EC0-301F-11D3-BF4B-00C04F79EFBC}") = "T1ReadFileFromGivenPath", "T1ReadFileFromGivenPath\T1ReadFileFromGivenPath.csproj", "{1CA10EDD-F2FA-430A-BEAD-E30DEC025F78}"
EndProject
Project("{FAE04EC0-301F-11D3-BF4B-00C04F79EFBC}") = "DownloadImage", "DownloadImage\DownloadImage.csproj", "{032562D7-B191-4C19-BEA2-B70AF5595289}"
EndProject
Project("{FAE04EC0-301F-11D3-BF4B-00C04F79EFBC}") = "ProgramForReadNr", "ProgramForReadNr\ProgramForReadNr.csproj", "{2A67A40A-6A85-41FC-837F-A91ADD58C7AF}"
EndProject
Project("{FAE04EC0-301F-11D3-BF4B-00C04F79EFBC}") = "Bit_Array_64", "Bit_Array_64\Bit_Array_64.csproj", "{A9F0480D-8887-477F-9275-9C4A465A08AA}"
EndProject
Global
	GlobalSection(SolutionConfigurationPlatforms) = preSolution
		Debug|Any CPU = Debug|Any CPU
		Release|Any CPU = Release|Any CPU
	EndGlobalSection
	GlobalSection(ProjectConfigurationPlatforms) = postSolution
		{1CA10EDD-F2FA-430A-BEAD-E30DEC025F78}.Debug|Any CPU.ActiveCfg = Debug|Any CPU
		{1CA10EDD-F2FA-430A-BEAD-E30DEC025F78}.Debug|Any CPU.Build.0 = Debug|Any CPU
		{1CA10EDD-F2FA-430A-BEAD-E30DEC025F78}.Release|Any CPU.ActiveCfg = Release|Any CPU
		{1CA10EDD-F2FA-430A-BEAD-E30DEC025F78}.Release|Any CPU.Build.0 = Release|Any CPU
		{032562D7-B191-4C19-BEA2-B70AF5595289}.Debug|Any CPU.ActiveCfg = Debug|Any CPU
		{032562D7-B191-4C19-BEA2-B70AF5595289}.Debug|Any CPU.Build.0 = Debug|Any CPU
		{032562D7-B191-4C19-BEA2-B70AF5595289}.Release|Any CPU.ActiveCfg = Release|Any CPU
		{032562D7-B191-4C19-BEA2-B70AF5595289}.Release|Any CPU.Build.0 = Release|Any CPU
		{2A67A40A-6A85-41FC-837F-A91ADD58C7AF}.Debug|Any CPU.ActiveCfg = Debug|Any CPU
		{2A67A40A-6A85-41FC-837F-A91ADD58C7AF}.Debug|Any CPU.Build.0 = Debug|Any CPU
		{2A67A40A-6A85-41FC-837F-A91ADD58C7AF}.Release|Any CPU.ActiveCfg = Release|Any CPU
		{2A67A40A-6A85-41FC-837F-A91ADD58C7AF}.Release|Any CPU.Build.0 = Release|Any CPU
		{A9F0480D-8887-477F-9275-9C4A465A08AA}.Debug|Any CPU.ActiveCfg = Debug|Any CPU
		{A9F0480D-8887-477F-9275-9C4A465A08AA}.Debug|Any CPU.Build.0 = Debug|Any CPU
		{A9F0480D-8887-477F-9275-9C4A465A08AA}.Release|Any CPU.ActiveCfg = Release|Any CPU
		{A9F0480D-8887-477F-9275-9C4A465A08AA}.Release|Any CPU.Build.0 = Release|Any CPU
	EndGlobalSection
	GlobalSection(SolutionProperties) = preSolution
		HideSolutionNode = FALSE
	EndGlobalSection
	GlobalSection(ExtensibilityGlobals) = postSolution
		SolutionGuid = {932321B5-A92C-4B14-B3BB-B04B63FBB4F6}
	EndGlobalSection
EndGlobal
